// !$*UTF8*$!
{
	archiveVersion = 1;
	classes = {
	};
	objectVersion = 46;
	objects = {

/* Begin PBXBuildFile section */
		3039E1501B2686F000C1861F /* AppDelegate.m in Sources */ = {isa = PBXBuildFile; fileRef = 3039E14E1B2686F000C1861F /* AppDelegate.m */; };
		3039E1511B2686F000C1861F /* main.m in Sources */ = {isa = PBXBuildFile; fileRef = 3039E14F1B2686F000C1861F /* main.m */; };
		3039E1551B26881F00C1861F /* Const.m in Sources */ = {isa = PBXBuildFile; fileRef = 3039E1541B26881F00C1861F /* Const.m */; };
		3039E16B1B268A0600C1861F /* AFHTTPRequestOperation.m in Sources */ = {isa = PBXBuildFile; fileRef = 3039E1591B268A0600C1861F /* AFHTTPRequestOperation.m */; };
		3039E16C1B268A0600C1861F /* AFHTTPRequestOperationManager.m in Sources */ = {isa = PBXBuildFile; fileRef = 3039E15B1B268A0600C1861F /* AFHTTPRequestOperationManager.m */; };
		3039E16D1B268A0600C1861F /* AFHTTPSessionManager.m in Sources */ = {isa = PBXBuildFile; fileRef = 3039E15D1B268A0600C1861F /* AFHTTPSessionManager.m */; };
		3039E16E1B268A0600C1861F /* AFNetworkReachabilityManager.m in Sources */ = {isa = PBXBuildFile; fileRef = 3039E1601B268A0600C1861F /* AFNetworkReachabilityManager.m */; };
		3039E16F1B268A0600C1861F /* AFSecurityPolicy.m in Sources */ = {isa = PBXBuildFile; fileRef = 3039E1621B268A0600C1861F /* AFSecurityPolicy.m */; };
		3039E1701B268A0600C1861F /* AFURLConnectionOperation.m in Sources */ = {isa = PBXBuildFile; fileRef = 3039E1641B268A0600C1861F /* AFURLConnectionOperation.m */; };
		3039E1711B268A0600C1861F /* AFURLRequestSerialization.m in Sources */ = {isa = PBXBuildFile; fileRef = 3039E1661B268A0600C1861F /* AFURLRequestSerialization.m */; };
		3039E1721B268A0600C1861F /* AFURLResponseSerialization.m in Sources */ = {isa = PBXBuildFile; fileRef = 3039E1681B268A0600C1861F /* AFURLResponseSerialization.m */; };
		3039E1731B268A0600C1861F /* AFURLSessionManager.m in Sources */ = {isa = PBXBuildFile; fileRef = 3039E16A1B268A0600C1861F /* AFURLSessionManager.m */; };
		3039E1851B269CD100C1861F /* Localizable.strings in Resources */ = {isa = PBXBuildFile; fileRef = 3039E1871B269CD100C1861F /* Localizable.strings */; };
		30A33A1A1B2989B50093C49B /* RCRegisterPhotoDisplayViewController.m in Sources */ = {isa = PBXBuildFile; fileRef = 30A33A191B2989B50093C49B /* RCRegisterPhotoDisplayViewController.m */; };
		30A33A1E1B29A2FC0093C49B /* RCRegisterUploadPhotoViewController.m in Sources */ = {isa = PBXBuildFile; fileRef = 30A33A1D1B29A2FC0093C49B /* RCRegisterUploadPhotoViewController.m */; };
		30CE928B1B27DDB400826FCA /* RCBaseNavgationController.m in Sources */ = {isa = PBXBuildFile; fileRef = 30CE928A1B27DDB400826FCA /* RCBaseNavgationController.m */; };
		30CE928F1B27E21A00826FCA /* RCNetworkManager.m in Sources */ = {isa = PBXBuildFile; fileRef = 30CE928E1B27E21A00826FCA /* RCNetworkManager.m */; };
		30CE92931B27E88500826FCA /* RCModelBase.m in Sources */ = {isa = PBXBuildFile; fileRef = 30CE92921B27E88500826FCA /* RCModelBase.m */; };
		30CE929C1B28110E00826FCA /* RCRegiseterAccountModel.m in Sources */ = {isa = PBXBuildFile; fileRef = 30CE929B1B28110E00826FCA /* RCRegiseterAccountModel.m */; };
		30CE92AB1B283E1300826FCA /* RCBaseArrowViewController.m in Sources */ = {isa = PBXBuildFile; fileRef = 30CE92AA1B283E1300826FCA /* RCBaseArrowViewController.m */; };
		30D02E101B29402C004E5F9A /* RCPlaceHolderAlwaysTextField.m in Sources */ = {isa = PBXBuildFile; fileRef = 30D02E0F1B29402C004E5F9A /* RCPlaceHolderAlwaysTextField.m */; };
		30D02E131B2943C1004E5F9A /* RCPikerViewTextFiled.m in Sources */ = {isa = PBXBuildFile; fileRef = 30D02E121B2943C1004E5F9A /* RCPikerViewTextFiled.m */; };
		30D02E201B294830004E5F9A /* Home.storyboard in Resources */ = {isa = PBXBuildFile; fileRef = 30D02E161B294830004E5F9A /* Home.storyboard */; };
		30D02E211B294830004E5F9A /* RCHomePageCell.m in Sources */ = {isa = PBXBuildFile; fileRef = 30D02E181B294830004E5F9A /* RCHomePageCell.m */; };
		30D02E221B294830004E5F9A /* RCHomeViewController.m in Sources */ = {isa = PBXBuildFile; fileRef = 30D02E1A1B294830004E5F9A /* RCHomeViewController.m */; };
		30D02E231B294830004E5F9A /* RCRegisterAccountViewController.m in Sources */ = {isa = PBXBuildFile; fileRef = 30D02E1D1B294830004E5F9A /* RCRegisterAccountViewController.m */; };
		30D02E241B294830004E5F9A /* RCRegisterInfoViewController.m in Sources */ = {isa = PBXBuildFile; fileRef = 30D02E1F1B294830004E5F9A /* RCRegisterInfoViewController.m */; };
		30D02E281B295D75004E5F9A /* NSString+RCStringSize.m in Sources */ = {isa = PBXBuildFile; fileRef = 30D02E271B295D75004E5F9A /* NSString+RCStringSize.m */; };
		30D02E2B1B296781004E5F9A /* RCRegisterUploadViewController.m in Sources */ = {isa = PBXBuildFile; fileRef = 30D02E2A1B296781004E5F9A /* RCRegisterUploadViewController.m */; };
		30E401A81B25AC0400A70AED /* Images.xcassets in Resources */ = {isa = PBXBuildFile; fileRef = 30E401A71B25AC0400A70AED /* Images.xcassets */; };
		30E401AB1B25AC0400A70AED /* LaunchScreen.xib in Resources */ = {isa = PBXBuildFile; fileRef = 30E401A91B25AC0400A70AED /* LaunchScreen.xib */; };
		30E401B71B25AC0400A70AED /* iOSSnapChatTests.m in Sources */ = {isa = PBXBuildFile; fileRef = 30E401B61B25AC0400A70AED /* iOSSnapChatTests.m */; };
/* End PBXBuildFile section */

/* Begin PBXContainerItemProxy section */
		30E401B11B25AC0400A70AED /* PBXContainerItemProxy */ = {
			isa = PBXContainerItemProxy;
			containerPortal = 30E4018F1B25AC0400A70AED /* Project object */;
			proxyType = 1;
			remoteGlobalIDString = 30E401961B25AC0400A70AED;
			remoteInfo = iOSSnapChat;
		};
/* End PBXContainerItemProxy section */

/* Begin PBXFileReference section */
		3039E14D1B2686F000C1861F /* AppDelegate.h */ = {isa = PBXFileReference; fileEncoding = 4; lastKnownFileType = sourcecode.c.h; path = AppDelegate.h; sourceTree = "<group>"; };
		3039E14E1B2686F000C1861F /* AppDelegate.m */ = {isa = PBXFileReference; fileEncoding = 4; lastKnownFileType = sourcecode.c.objc; path = AppDelegate.m; sourceTree = "<group>"; };
		3039E14F1B2686F000C1861F /* main.m */ = {isa = PBXFileReference; fileEncoding = 4; lastKnownFileType = sourcecode.c.objc; path = main.m; sourceTree = "<group>"; };
		3039E1521B26871000C1861F /* PrefixHeader.pch */ = {isa = PBXFileReference; lastKnownFileType = sourcecode.c.h; path = PrefixHeader.pch; sourceTree = "<group>"; };
		3039E1531B26881200C1861F /* Const.h */ = {isa = PBXFileReference; fileEncoding = 4; lastKnownFileType = sourcecode.c.h; path = Const.h; sourceTree = "<group>"; };
		3039E1541B26881F00C1861F /* Const.m */ = {isa = PBXFileReference; fileEncoding = 4; lastKnownFileType = sourcecode.c.objc; path = Const.m; sourceTree = "<group>"; };
		3039E1581B268A0600C1861F /* AFHTTPRequestOperation.h */ = {isa = PBXFileReference; fileEncoding = 4; lastKnownFileType = sourcecode.c.h; path = AFHTTPRequestOperation.h; sourceTree = "<group>"; };
		3039E1591B268A0600C1861F /* AFHTTPRequestOperation.m */ = {isa = PBXFileReference; fileEncoding = 4; lastKnownFileType = sourcecode.c.objc; path = AFHTTPRequestOperation.m; sourceTree = "<group>"; };
		3039E15A1B268A0600C1861F /* AFHTTPRequestOperationManager.h */ = {isa = PBXFileReference; fileEncoding = 4; lastKnownFileType = sourcecode.c.h; path = AFHTTPRequestOperationManager.h; sourceTree = "<group>"; };
		3039E15B1B268A0600C1861F /* AFHTTPRequestOperationManager.m */ = {isa = PBXFileReference; fileEncoding = 4; lastKnownFileType = sourcecode.c.objc; path = AFHTTPRequestOperationManager.m; sourceTree = "<group>"; };
		3039E15C1B268A0600C1861F /* AFHTTPSessionManager.h */ = {isa = PBXFileReference; fileEncoding = 4; lastKnownFileType = sourcecode.c.h; path = AFHTTPSessionManager.h; sourceTree = "<group>"; };
		3039E15D1B268A0600C1861F /* AFHTTPSessionManager.m */ = {isa = PBXFileReference; fileEncoding = 4; lastKnownFileType = sourcecode.c.objc; path = AFHTTPSessionManager.m; sourceTree = "<group>"; };
		3039E15E1B268A0600C1861F /* AFNetworking.h */ = {isa = PBXFileReference; fileEncoding = 4; lastKnownFileType = sourcecode.c.h; path = AFNetworking.h; sourceTree = "<group>"; };
		3039E15F1B268A0600C1861F /* AFNetworkReachabilityManager.h */ = {isa = PBXFileReference; fileEncoding = 4; lastKnownFileType = sourcecode.c.h; path = AFNetworkReachabilityManager.h; sourceTree = "<group>"; };
		3039E1601B268A0600C1861F /* AFNetworkReachabilityManager.m */ = {isa = PBXFileReference; fileEncoding = 4; lastKnownFileType = sourcecode.c.objc; path = AFNetworkReachabilityManager.m; sourceTree = "<group>"; };
		3039E1611B268A0600C1861F /* AFSecurityPolicy.h */ = {isa = PBXFileReference; fileEncoding = 4; lastKnownFileType = sourcecode.c.h; path = AFSecurityPolicy.h; sourceTree = "<group>"; };
		3039E1621B268A0600C1861F /* AFSecurityPolicy.m */ = {isa = PBXFileReference; fileEncoding = 4; lastKnownFileType = sourcecode.c.objc; path = AFSecurityPolicy.m; sourceTree = "<group>"; };
		3039E1631B268A0600C1861F /* AFURLConnectionOperation.h */ = {isa = PBXFileReference; fileEncoding = 4; lastKnownFileType = sourcecode.c.h; path = AFURLConnectionOperation.h; sourceTree = "<group>"; };
		3039E1641B268A0600C1861F /* AFURLConnectionOperation.m */ = {isa = PBXFileReference; fileEncoding = 4; lastKnownFileType = sourcecode.c.objc; path = AFURLConnectionOperation.m; sourceTree = "<group>"; };
		3039E1651B268A0600C1861F /* AFURLRequestSerialization.h */ = {isa = PBXFileReference; fileEncoding = 4; lastKnownFileType = sourcecode.c.h; path = AFURLRequestSerialization.h; sourceTree = "<group>"; };
		3039E1661B268A0600C1861F /* AFURLRequestSerialization.m */ = {isa = PBXFileReference; fileEncoding = 4; lastKnownFileType = sourcecode.c.objc; path = AFURLRequestSerialization.m; sourceTree = "<group>"; };
		3039E1671B268A0600C1861F /* AFURLResponseSerialization.h */ = {isa = PBXFileReference; fileEncoding = 4; lastKnownFileType = sourcecode.c.h; path = AFURLResponseSerialization.h; sourceTree = "<group>"; };
		3039E1681B268A0600C1861F /* AFURLResponseSerialization.m */ = {isa = PBXFileReference; fileEncoding = 4; lastKnownFileType = sourcecode.c.objc; path = AFURLResponseSerialization.m; sourceTree = "<group>"; };
		3039E1691B268A0600C1861F /* AFURLSessionManager.h */ = {isa = PBXFileReference; fileEncoding = 4; lastKnownFileType = sourcecode.c.h; path = AFURLSessionManager.h; sourceTree = "<group>"; };
		3039E16A1B268A0600C1861F /* AFURLSessionManager.m */ = {isa = PBXFileReference; fileEncoding = 4; lastKnownFileType = sourcecode.c.objc; path = AFURLSessionManager.m; sourceTree = "<group>"; };
		3039E1741B268ABA00C1861F /* Header.h */ = {isa = PBXFileReference; lastKnownFileType = sourcecode.c.h; path = Header.h; sourceTree = "<group>"; };
		3039E1861B269CD100C1861F /* en */ = {isa = PBXFileReference; lastKnownFileType = text.plist.strings; name = en; path = en.lproj/Localizable.strings; sourceTree = "<group>"; };
		3039E1881B269D0900C1861F /* zh-Hans */ = {isa = PBXFileReference; lastKnownFileType = text.plist.strings; name = "zh-Hans"; path = "zh-Hans.lproj/LaunchScreen.strings"; sourceTree = "<group>"; };
		3039E1891B269D0900C1861F /* zh-Hans */ = {isa = PBXFileReference; lastKnownFileType = text.plist.strings; name = "zh-Hans"; path = "zh-Hans.lproj/Localizable.strings"; sourceTree = "<group>"; };
		30A33A181B2989B50093C49B /* RCRegisterPhotoDisplayViewController.h */ = {isa = PBXFileReference; fileEncoding = 4; lastKnownFileType = sourcecode.c.h; path = RCRegisterPhotoDisplayViewController.h; sourceTree = "<group>"; };
		30A33A191B2989B50093C49B /* RCRegisterPhotoDisplayViewController.m */ = {isa = PBXFileReference; fileEncoding = 4; lastKnownFileType = sourcecode.c.objc; path = RCRegisterPhotoDisplayViewController.m; sourceTree = "<group>"; };
		30A33A1C1B29A2FC0093C49B /* RCRegisterUploadPhotoViewController.h */ = {isa = PBXFileReference; fileEncoding = 4; lastKnownFileType = sourcecode.c.h; path = RCRegisterUploadPhotoViewController.h; sourceTree = "<group>"; };
		30A33A1D1B29A2FC0093C49B /* RCRegisterUploadPhotoViewController.m */ = {isa = PBXFileReference; fileEncoding = 4; lastKnownFileType = sourcecode.c.objc; path = RCRegisterUploadPhotoViewController.m; sourceTree = "<group>"; };
		30CE92891B27DDB400826FCA /* RCBaseNavgationController.h */ = {isa = PBXFileReference; fileEncoding = 4; lastKnownFileType = sourcecode.c.h; path = RCBaseNavgationController.h; sourceTree = "<group>"; };
		30CE928A1B27DDB400826FCA /* RCBaseNavgationController.m */ = {isa = PBXFileReference; fileEncoding = 4; lastKnownFileType = sourcecode.c.objc; path = RCBaseNavgationController.m; sourceTree = "<group>"; };
		30CE928D1B27E21A00826FCA /* RCNetworkManager.h */ = {isa = PBXFileReference; fileEncoding = 4; lastKnownFileType = sourcecode.c.h; path = RCNetworkManager.h; sourceTree = "<group>"; };
		30CE928E1B27E21A00826FCA /* RCNetworkManager.m */ = {isa = PBXFileReference; fileEncoding = 4; lastKnownFileType = sourcecode.c.objc; path = RCNetworkManager.m; sourceTree = "<group>"; };
		30CE92911B27E88500826FCA /* RCModelBase.h */ = {isa = PBXFileReference; fileEncoding = 4; lastKnownFileType = sourcecode.c.h; path = RCModelBase.h; sourceTree = "<group>"; };
		30CE92921B27E88500826FCA /* RCModelBase.m */ = {isa = PBXFileReference; fileEncoding = 4; lastKnownFileType = sourcecode.c.objc; path = RCModelBase.m; sourceTree = "<group>"; };
		30CE929A1B28110E00826FCA /* RCRegiseterAccountModel.h */ = {isa = PBXFileReference; fileEncoding = 4; lastKnownFileType = sourcecode.c.h; path = RCRegiseterAccountModel.h; sourceTree = "<group>"; };
		30CE929B1B28110E00826FCA /* RCRegiseterAccountModel.m */ = {isa = PBXFileReference; fileEncoding = 4; lastKnownFileType = sourcecode.c.objc; path = RCRegiseterAccountModel.m; sourceTree = "<group>"; };
		30CE92A91B283E1300826FCA /* RCBaseArrowViewController.h */ = {isa = PBXFileReference; fileEncoding = 4; lastKnownFileType = sourcecode.c.h; path = RCBaseArrowViewController.h; sourceTree = "<group>"; };
		30CE92AA1B283E1300826FCA /* RCBaseArrowViewController.m */ = {isa = PBXFileReference; fileEncoding = 4; lastKnownFileType = sourcecode.c.objc; path = RCBaseArrowViewController.m; sourceTree = "<group>"; };
		30D02E0E1B29402C004E5F9A /* RCPlaceHolderAlwaysTextField.h */ = {isa = PBXFileReference; fileEncoding = 4; lastKnownFileType = sourcecode.c.h; path = RCPlaceHolderAlwaysTextField.h; sourceTree = "<group>"; };
		30D02E0F1B29402C004E5F9A /* RCPlaceHolderAlwaysTextField.m */ = {isa = PBXFileReference; fileEncoding = 4; lastKnownFileType = sourcecode.c.objc; path = RCPlaceHolderAlwaysTextField.m; sourceTree = "<group>"; };
		30D02E111B2943C1004E5F9A /* RCPikerViewTextFiled.h */ = {isa = PBXFileReference; fileEncoding = 4; lastKnownFileType = sourcecode.c.h; path = RCPikerViewTextFiled.h; sourceTree = "<group>"; };
		30D02E121B2943C1004E5F9A /* RCPikerViewTextFiled.m */ = {isa = PBXFileReference; fileEncoding = 4; lastKnownFileType = sourcecode.c.objc; path = RCPikerViewTextFiled.m; sourceTree = "<group>"; };
		30D02E161B294830004E5F9A /* Home.storyboard */ = {isa = PBXFileReference; fileEncoding = 4; lastKnownFileType = file.storyboard; path = Home.storyboard; sourceTree = "<group>"; };
		30D02E171B294830004E5F9A /* RCHomePageCell.h */ = {isa = PBXFileReference; fileEncoding = 4; lastKnownFileType = sourcecode.c.h; path = RCHomePageCell.h; sourceTree = "<group>"; };
		30D02E181B294830004E5F9A /* RCHomePageCell.m */ = {isa = PBXFileReference; fileEncoding = 4; lastKnownFileType = sourcecode.c.objc; path = RCHomePageCell.m; sourceTree = "<group>"; };
		30D02E191B294830004E5F9A /* RCHomeViewController.h */ = {isa = PBXFileReference; fileEncoding = 4; lastKnownFileType = sourcecode.c.h; path = RCHomeViewController.h; sourceTree = "<group>"; };
		30D02E1A1B294830004E5F9A /* RCHomeViewController.m */ = {isa = PBXFileReference; fileEncoding = 4; lastKnownFileType = sourcecode.c.objc; path = RCHomeViewController.m; sourceTree = "<group>"; };
		30D02E1C1B294830004E5F9A /* RCRegisterAccountViewController.h */ = {isa = PBXFileReference; fileEncoding = 4; lastKnownFileType = sourcecode.c.h; path = RCRegisterAccountViewController.h; sourceTree = "<group>"; };
		30D02E1D1B294830004E5F9A /* RCRegisterAccountViewController.m */ = {isa = PBXFileReference; fileEncoding = 4; lastKnownFileType = sourcecode.c.objc; path = RCRegisterAccountViewController.m; sourceTree = "<group>"; };
		30D02E1E1B294830004E5F9A /* RCRegisterInfoViewController.h */ = {isa = PBXFileReference; fileEncoding = 4; lastKnownFileType = sourcecode.c.h; path = RCRegisterInfoViewController.h; sourceTree = "<group>"; };
		30D02E1F1B294830004E5F9A /* RCRegisterInfoViewController.m */ = {isa = PBXFileReference; fileEncoding = 4; lastKnownFileType = sourcecode.c.objc; path = RCRegisterInfoViewController.m; sourceTree = "<group>"; };
		30D02E261B295D75004E5F9A /* NSString+RCStringSize.h */ = {isa = PBXFileReference; fileEncoding = 4; lastKnownFileType = sourcecode.c.h; path = "NSString+RCStringSize.h"; sourceTree = "<group>"; };
		30D02E271B295D75004E5F9A /* NSString+RCStringSize.m */ = {isa = PBXFileReference; fileEncoding = 4; lastKnownFileType = sourcecode.c.objc; path = "NSString+RCStringSize.m"; sourceTree = "<group>"; };
		30D02E291B296781004E5F9A /* RCRegisterUploadViewController.h */ = {isa = PBXFileReference; fileEncoding = 4; lastKnownFileType = sourcecode.c.h; path = RCRegisterUploadViewController.h; sourceTree = "<group>"; };
		30D02E2A1B296781004E5F9A /* RCRegisterUploadViewController.m */ = {isa = PBXFileReference; fileEncoding = 4; lastKnownFileType = sourcecode.c.objc; path = RCRegisterUploadViewController.m; sourceTree = "<group>"; };
		30E401971B25AC0400A70AED /* iOSSnapChat.app */ = {isa = PBXFileReference; explicitFileType = wrapper.application; includeInIndex = 0; path = iOSSnapChat.app; sourceTree = BUILT_PRODUCTS_DIR; };
		30E4019B1B25AC0400A70AED /* Info.plist */ = {isa = PBXFileReference; lastKnownFileType = text.plist.xml; path = Info.plist; sourceTree = "<group>"; };
		30E401A71B25AC0400A70AED /* Images.xcassets */ = {isa = PBXFileReference; lastKnownFileType = folder.assetcatalog; path = Images.xcassets; sourceTree = "<group>"; };
		30E401AA1B25AC0400A70AED /* Base */ = {isa = PBXFileReference; lastKnownFileType = file.xib; name = Base; path = Base.lproj/LaunchScreen.xib; sourceTree = "<group>"; };
		30E401B01B25AC0400A70AED /* iOSSnapChatTests.xctest */ = {isa = PBXFileReference; explicitFileType = wrapper.cfbundle; includeInIndex = 0; path = iOSSnapChatTests.xctest; sourceTree = BUILT_PRODUCTS_DIR; };
		30E401B51B25AC0400A70AED /* Info.plist */ = {isa = PBXFileReference; lastKnownFileType = text.plist.xml; path = Info.plist; sourceTree = "<group>"; };
		30E401B61B25AC0400A70AED /* iOSSnapChatTests.m */ = {isa = PBXFileReference; lastKnownFileType = sourcecode.c.objc; path = iOSSnapChatTests.m; sourceTree = "<group>"; };
/* End PBXFileReference section */

/* Begin PBXFrameworksBuildPhase section */
		30E401941B25AC0400A70AED /* Frameworks */ = {
			isa = PBXFrameworksBuildPhase;
			buildActionMask = 2147483647;
			files = (
			);
			runOnlyForDeploymentPostprocessing = 0;
		};
		30E401AD1B25AC0400A70AED /* Frameworks */ = {
			isa = PBXFrameworksBuildPhase;
			buildActionMask = 2147483647;
			files = (
			);
			runOnlyForDeploymentPostprocessing = 0;
		};
/* End PBXFrameworksBuildPhase section */

/* Begin PBXGroup section */
		3039E1491B26864C00C1861F /* Lib */ = {
			isa = PBXGroup;
			children = (
				3039E1571B268A0600C1861F /* AFNetworking */,
			);
			path = Lib;
			sourceTree = "<group>";
		};
		3039E14C1B2686F000C1861F /* Other */ = {
			isa = PBXGroup;
			children = (
				3039E14F1B2686F000C1861F /* main.m */,
				3039E14D1B2686F000C1861F /* AppDelegate.h */,
				3039E14E1B2686F000C1861F /* AppDelegate.m */,
				3039E1521B26871000C1861F /* PrefixHeader.pch */,
				3039E1531B26881200C1861F /* Const.h */,
				3039E1541B26881F00C1861F /* Const.m */,
				3039E1741B268ABA00C1861F /* Header.h */,
				3039E1871B269CD100C1861F /* Localizable.strings */,
			);
			path = Other;
			sourceTree = "<group>";
		};
		3039E1571B268A0600C1861F /* AFNetworking */ = {
			isa = PBXGroup;
			children = (
				3039E1581B268A0600C1861F /* AFHTTPRequestOperation.h */,
				3039E1591B268A0600C1861F /* AFHTTPRequestOperation.m */,
				3039E15A1B268A0600C1861F /* AFHTTPRequestOperationManager.h */,
				3039E15B1B268A0600C1861F /* AFHTTPRequestOperationManager.m */,
				3039E15C1B268A0600C1861F /* AFHTTPSessionManager.h */,
				3039E15D1B268A0600C1861F /* AFHTTPSessionManager.m */,
				3039E15E1B268A0600C1861F /* AFNetworking.h */,
				3039E15F1B268A0600C1861F /* AFNetworkReachabilityManager.h */,
				3039E1601B268A0600C1861F /* AFNetworkReachabilityManager.m */,
				3039E1611B268A0600C1861F /* AFSecurityPolicy.h */,
				3039E1621B268A0600C1861F /* AFSecurityPolicy.m */,
				3039E1631B268A0600C1861F /* AFURLConnectionOperation.h */,
				3039E1641B268A0600C1861F /* AFURLConnectionOperation.m */,
				3039E1651B268A0600C1861F /* AFURLRequestSerialization.h */,
				3039E1661B268A0600C1861F /* AFURLRequestSerialization.m */,
				3039E1671B268A0600C1861F /* AFURLResponseSerialization.h */,
				3039E1681B268A0600C1861F /* AFURLResponseSerialization.m */,
				3039E1691B268A0600C1861F /* AFURLSessionManager.h */,
				3039E16A1B268A0600C1861F /* AFURLSessionManager.m */,
			);
			path = AFNetworking;
			sourceTree = "<group>";
		};
		303D0F771B25B48400C5D58E /* Classes */ = {
			isa = PBXGroup;
			children = (
				30D02E251B294866004E5F9A /* Category */,
				30D02E0D1B293FC4004E5F9A /* UserControl */,
				30CE92881B27DDAF00826FCA /* Base */,
				30CE928C1B27E19800826FCA /* Tool */,
				30CE92901B27E84100826FCA /* Model */,
				30D02E141B294830004E5F9A /* Module */,
			);
			path = Classes;
			sourceTree = "<group>";
		};
		30CE92881B27DDAF00826FCA /* Base */ = {
			isa = PBXGroup;
			children = (
				30CE92891B27DDB400826FCA /* RCBaseNavgationController.h */,
				30CE928A1B27DDB400826FCA /* RCBaseNavgationController.m */,
				30CE92A91B283E1300826FCA /* RCBaseArrowViewController.h */,
				30CE92AA1B283E1300826FCA /* RCBaseArrowViewController.m */,
				30CE92911B27E88500826FCA /* RCModelBase.h */,
				30CE92921B27E88500826FCA /* RCModelBase.m */,
			);
			path = Base;
			sourceTree = "<group>";
		};
		30CE928C1B27E19800826FCA /* Tool */ = {
			isa = PBXGroup;
			children = (
				30CE928D1B27E21A00826FCA /* RCNetworkManager.h */,
				30CE928E1B27E21A00826FCA /* RCNetworkManager.m */,
			);
			path = Tool;
			sourceTree = "<group>";
		};
		30CE92901B27E84100826FCA /* Model */ = {
			isa = PBXGroup;
			children = (
				30CE929A1B28110E00826FCA /* RCRegiseterAccountModel.h */,
				30CE929B1B28110E00826FCA /* RCRegiseterAccountModel.m */,
			);
			path = Model;
			sourceTree = "<group>";
		};
		30D02E0D1B293FC4004E5F9A /* UserControl */ = {
			isa = PBXGroup;
			children = (
				30D02E0E1B29402C004E5F9A /* RCPlaceHolderAlwaysTextField.h */,
				30D02E0F1B29402C004E5F9A /* RCPlaceHolderAlwaysTextField.m */,
				30D02E111B2943C1004E5F9A /* RCPikerViewTextFiled.h */,
				30D02E121B2943C1004E5F9A /* RCPikerViewTextFiled.m */,
			);
			path = UserControl;
			sourceTree = "<group>";
		};
		30D02E141B294830004E5F9A /* Module */ = {
			isa = PBXGroup;
			children = (
				30D02E151B294830004E5F9A /* Home */,
				30D02E1B1B294830004E5F9A /* Register */,
			);
			path = Module;
			sourceTree = "<group>";
		};
		30D02E151B294830004E5F9A /* Home */ = {
			isa = PBXGroup;
			children = (
				30D02E161B294830004E5F9A /* Home.storyboard */,
				30D02E171B294830004E5F9A /* RCHomePageCell.h */,
				30D02E181B294830004E5F9A /* RCHomePageCell.m */,
				30D02E191B294830004E5F9A /* RCHomeViewController.h */,
				30D02E1A1B294830004E5F9A /* RCHomeViewController.m */,
			);
			path = Home;
			sourceTree = "<group>";
		};
		30D02E1B1B294830004E5F9A /* Register */ = {
			isa = PBXGroup;
			children = (
				30D02E1C1B294830004E5F9A /* RCRegisterAccountViewController.h */,
				30D02E1D1B294830004E5F9A /* RCRegisterAccountViewController.m */,
				30D02E1E1B294830004E5F9A /* RCRegisterInfoViewController.h */,
				30D02E1F1B294830004E5F9A /* RCRegisterInfoViewController.m */,
				30D02E291B296781004E5F9A /* RCRegisterUploadViewController.h */,
				30D02E2A1B296781004E5F9A /* RCRegisterUploadViewController.m */,
				30A33A181B2989B50093C49B /* RCRegisterPhotoDisplayViewController.h */,
				30A33A191B2989B50093C49B /* RCRegisterPhotoDisplayViewController.m */,
				30A33A1C1B29A2FC0093C49B /* RCRegisterUploadPhotoViewController.h */,
				30A33A1D1B29A2FC0093C49B /* RCRegisterUploadPhotoViewController.m */,
			);
			path = Register;
			sourceTree = "<group>";
		};
		30D02E251B294866004E5F9A /* Category */ = {
			isa = PBXGroup;
			children = (
				30D02E261B295D75004E5F9A /* NSString+RCStringSize.h */,
				30D02E271B295D75004E5F9A /* NSString+RCStringSize.m */,
			);
			path = Category;
			sourceTree = "<group>";
		};
		30E4018E1B25AC0400A70AED = {
			isa = PBXGroup;
			children = (
				30E401991B25AC0400A70AED /* iOSSnapChat */,
				30E401B31B25AC0400A70AED /* iOSSnapChatTests */,
				30E401981B25AC0400A70AED /* Products */,
			);
			sourceTree = "<group>";
		};
		30E401981B25AC0400A70AED /* Products */ = {
			isa = PBXGroup;
			children = (
				30E401971B25AC0400A70AED /* iOSSnapChat.app */,
				30E401B01B25AC0400A70AED /* iOSSnapChatTests.xctest */,
			);
			name = Products;
			sourceTree = "<group>";
		};
		30E401991B25AC0400A70AED /* iOSSnapChat */ = {
			isa = PBXGroup;
			children = (
				303D0F771B25B48400C5D58E /* Classes */,
				3039E1491B26864C00C1861F /* Lib */,
				3039E14C1B2686F000C1861F /* Other */,
				30E401A71B25AC0400A70AED /* Images.xcassets */,
				30E4019A1B25AC0400A70AED /* Supporting Files */,
			);
			path = iOSSnapChat;
			sourceTree = "<group>";
		};
		30E4019A1B25AC0400A70AED /* Supporting Files */ = {
			isa = PBXGroup;
			children = (
				30E401A91B25AC0400A70AED /* LaunchScreen.xib */,
				30E4019B1B25AC0400A70AED /* Info.plist */,
			);
			name = "Supporting Files";
			sourceTree = "<group>";
		};
		30E401B31B25AC0400A70AED /* iOSSnapChatTests */ = {
			isa = PBXGroup;
			children = (
				30E401B61B25AC0400A70AED /* iOSSnapChatTests.m */,
				30E401B41B25AC0400A70AED /* Supporting Files */,
			);
			path = iOSSnapChatTests;
			sourceTree = "<group>";
		};
		30E401B41B25AC0400A70AED /* Supporting Files */ = {
			isa = PBXGroup;
			children = (
				30E401B51B25AC0400A70AED /* Info.plist */,
			);
			name = "Supporting Files";
			sourceTree = "<group>";
		};
/* End PBXGroup section */

/* Begin PBXNativeTarget section */
		30E401961B25AC0400A70AED /* iOSSnapChat */ = {
			isa = PBXNativeTarget;
			buildConfigurationList = 30E401BA1B25AC0400A70AED /* Build configuration list for PBXNativeTarget "iOSSnapChat" */;
			buildPhases = (
				30E401931B25AC0400A70AED /* Sources */,
				30E401941B25AC0400A70AED /* Frameworks */,
				30E401951B25AC0400A70AED /* Resources */,
			);
			buildRules = (
			);
			dependencies = (
			);
			name = iOSSnapChat;
			productName = iOSSnapChat;
			productReference = 30E401971B25AC0400A70AED /* iOSSnapChat.app */;
			productType = "com.apple.product-type.application";
		};
		30E401AF1B25AC0400A70AED /* iOSSnapChatTests */ = {
			isa = PBXNativeTarget;
			buildConfigurationList = 30E401BD1B25AC0400A70AED /* Build configuration list for PBXNativeTarget "iOSSnapChatTests" */;
			buildPhases = (
				30E401AC1B25AC0400A70AED /* Sources */,
				30E401AD1B25AC0400A70AED /* Frameworks */,
				30E401AE1B25AC0400A70AED /* Resources */,
			);
			buildRules = (
			);
			dependencies = (
				30E401B21B25AC0400A70AED /* PBXTargetDependency */,
			);
			name = iOSSnapChatTests;
			productName = iOSSnapChatTests;
			productReference = 30E401B01B25AC0400A70AED /* iOSSnapChatTests.xctest */;
			productType = "com.apple.product-type.bundle.unit-test";
		};
/* End PBXNativeTarget section */

/* Begin PBXProject section */
		30E4018F1B25AC0400A70AED /* Project object */ = {
			isa = PBXProject;
			attributes = {
				CLASSPREFIX = RC;
				LastUpgradeCheck = 0630;
				ORGANIZATIONNAME = gongtao;
				TargetAttributes = {
					30E401961B25AC0400A70AED = {
						CreatedOnToolsVersion = 6.3.1;
					};
					30E401AF1B25AC0400A70AED = {
						CreatedOnToolsVersion = 6.3.1;
						TestTargetID = 30E401961B25AC0400A70AED;
					};
				};
			};
			buildConfigurationList = 30E401921B25AC0400A70AED /* Build configuration list for PBXProject "iOSSnapChat" */;
			compatibilityVersion = "Xcode 3.2";
			developmentRegion = English;
			hasScannedForEncodings = 0;
			knownRegions = (
				en,
				Base,
				"zh-Hans",
			);
			mainGroup = 30E4018E1B25AC0400A70AED;
			productRefGroup = 30E401981B25AC0400A70AED /* Products */;
			projectDirPath = "";
			projectRoot = "";
			targets = (
				30E401961B25AC0400A70AED /* iOSSnapChat */,
				30E401AF1B25AC0400A70AED /* iOSSnapChatTests */,
			);
		};
/* End PBXProject section */

/* Begin PBXResourcesBuildPhase section */
		30E401951B25AC0400A70AED /* Resources */ = {
			isa = PBXResourcesBuildPhase;
			buildActionMask = 2147483647;
			files = (
				3039E1851B269CD100C1861F /* Localizable.strings in Resources */,
				30E401AB1B25AC0400A70AED /* LaunchScreen.xib in Resources */,
				30E401A81B25AC0400A70AED /* Images.xcassets in Resources */,
				30D02E201B294830004E5F9A /* Home.storyboard in Resources */,
			);
			runOnlyForDeploymentPostprocessing = 0;
		};
		30E401AE1B25AC0400A70AED /* Resources */ = {
			isa = PBXResourcesBuildPhase;
			buildActionMask = 2147483647;
			files = (
			);
			runOnlyForDeploymentPostprocessing = 0;
		};
/* End PBXResourcesBuildPhase section */

/* Begin PBXSourcesBuildPhase section */
		30E401931B25AC0400A70AED /* Sources */ = {
			isa = PBXSourcesBuildPhase;
			buildActionMask = 2147483647;
			files = (
				30CE928B1B27DDB400826FCA /* RCBaseNavgationController.m in Sources */,
				3039E1501B2686F000C1861F /* AppDelegate.m in Sources */,
				30A33A1E1B29A2FC0093C49B /* RCRegisterUploadPhotoViewController.m in Sources */,
				30D02E2B1B296781004E5F9A /* RCRegisterUploadViewController.m in Sources */,
				3039E16F1B268A0600C1861F /* AFSecurityPolicy.m in Sources */,
				30D02E131B2943C1004E5F9A /* RCPikerViewTextFiled.m in Sources */,
				3039E1551B26881F00C1861F /* Const.m in Sources */,
				30D02E221B294830004E5F9A /* RCHomeViewController.m in Sources */,
				3039E16C1B268A0600C1861F /* AFHTTPRequestOperationManager.m in Sources */,
				3039E1701B268A0600C1861F /* AFURLConnectionOperation.m in Sources */,
				3039E16B1B268A0600C1861F /* AFHTTPRequestOperation.m in Sources */,
				3039E1511B2686F000C1861F /* main.m in Sources */,
				3039E1711B268A0600C1861F /* AFURLRequestSerialization.m in Sources */,
				30D02E211B294830004E5F9A /* RCHomePageCell.m in Sources */,
				3039E16D1B268A0600C1861F /* AFHTTPSessionManager.m in Sources */,
				30A33A1A1B2989B50093C49B /* RCRegisterPhotoDisplayViewController.m in Sources */,
				30D02E241B294830004E5F9A /* RCRegisterInfoViewController.m in Sources */,
				3039E16E1B268A0600C1861F /* AFNetworkReachabilityManager.m in Sources */,
				30D02E231B294830004E5F9A /* RCRegisterAccountViewController.m in Sources */,
				3039E1721B268A0600C1861F /* AFURLResponseSerialization.m in Sources */,
				3039E1731B268A0600C1861F /* AFURLSessionManager.m in Sources */,
				30CE92AB1B283E1300826FCA /* RCBaseArrowViewController.m in Sources */,
				30D02E101B29402C004E5F9A /* RCPlaceHolderAlwaysTextField.m in Sources */,
				30D02E281B295D75004E5F9A /* NSString+RCStringSize.m in Sources */,
				30CE92931B27E88500826FCA /* RCModelBase.m in Sources */,
				30CE929C1B28110E00826FCA /* RCRegiseterAccountModel.m in Sources */,
				30CE928F1B27E21A00826FCA /* RCNetworkManager.m in Sources */,
			);
			runOnlyForDeploymentPostprocessing = 0;
		};
		30E401AC1B25AC0400A70AED /* Sources */ = {
			isa = PBXSourcesBuildPhase;
			buildActionMask = 2147483647;
			files = (
				30E401B71B25AC0400A70AED /* iOSSnapChatTests.m in Sources */,
			);
			runOnlyForDeploymentPostprocessing = 0;
		};
/* End PBXSourcesBuildPhase section */

/* Begin PBXTargetDependency section */
		30E401B21B25AC0400A70AED /* PBXTargetDependency */ = {
			isa = PBXTargetDependency;
			target = 30E401961B25AC0400A70AED /* iOSSnapChat */;
			targetProxy = 30E401B11B25AC0400A70AED /* PBXContainerItemProxy */;
		};
/* End PBXTargetDependency section */

/* Begin PBXVariantGroup section */
		3039E1871B269CD100C1861F /* Localizable.strings */ = {
			isa = PBXVariantGroup;
			children = (
				3039E1861B269CD100C1861F /* en */,
				3039E1891B269D0900C1861F /* zh-Hans */,
			);
			name = Localizable.strings;
			sourceTree = "<group>";
		};
		30E401A91B25AC0400A70AED /* LaunchScreen.xib */ = {
			isa = PBXVariantGroup;
			children = (
				30E401AA1B25AC0400A70AED /* Base */,
				3039E1881B269D0900C1861F /* zh-Hans */,
			);
			name = LaunchScreen.xib;
			sourceTree = "<group>";
		};
/* End PBXVariantGroup section */

/* Begin XCBuildConfiguration section */
		30E401B81B25AC0400A70AED /* Debug */ = {
			isa = XCBuildConfiguration;
			buildSettings = {
				ALWAYS_SEARCH_USER_PATHS = NO;
				CLANG_CXX_LANGUAGE_STANDARD = "gnu++0x";
				CLANG_CXX_LIBRARY = "libc++";
				CLANG_ENABLE_MODULES = YES;
				CLANG_ENABLE_OBJC_ARC = YES;
				CLANG_WARN_BOOL_CONVERSION = YES;
				CLANG_WARN_CONSTANT_CONVERSION = YES;
				CLANG_WARN_DIRECT_OBJC_ISA_USAGE = YES_ERROR;
				CLANG_WARN_EMPTY_BODY = YES;
				CLANG_WARN_ENUM_CONVERSION = YES;
				CLANG_WARN_INT_CONVERSION = YES;
				CLANG_WARN_OBJC_ROOT_CLASS = YES_ERROR;
				CLANG_WARN_UNREACHABLE_CODE = YES;
				CLANG_WARN__DUPLICATE_METHOD_MATCH = YES;
				"CODE_SIGN_IDENTITY[sdk=iphoneos*]" = "iPhone Developer";
				COPY_PHASE_STRIP = NO;
				DEBUG_INFORMATION_FORMAT = "dwarf-with-dsym";
				ENABLE_STRICT_OBJC_MSGSEND = YES;
				GCC_C_LANGUAGE_STANDARD = gnu99;
				GCC_DYNAMIC_NO_PIC = NO;
				GCC_NO_COMMON_BLOCKS = YES;
				GCC_OPTIMIZATION_LEVEL = 0;
				GCC_PREPROCESSOR_DEFINITIONS = (
					"DEBUG=1",
					"$(inherited)",
				);
				GCC_SYMBOLS_PRIVATE_EXTERN = NO;
				GCC_WARN_64_TO_32_BIT_CONVERSION = YES;
				GCC_WARN_ABOUT_RETURN_TYPE = YES_ERROR;
				GCC_WARN_UNDECLARED_SELECTOR = YES;
				GCC_WARN_UNINITIALIZED_AUTOS = YES_AGGRESSIVE;
				GCC_WARN_UNUSED_FUNCTION = YES;
				GCC_WARN_UNUSED_VARIABLE = YES;
				IPHONEOS_DEPLOYMENT_TARGET = 8.3;
				MTL_ENABLE_DEBUG_INFO = YES;
				ONLY_ACTIVE_ARCH = YES;
				SDKROOT = iphoneos;
				TARGETED_DEVICE_FAMILY = "1,2";
			};
			name = Debug;
		};
		30E401B91B25AC0400A70AED /* Release */ = {
			isa = XCBuildConfiguration;
			buildSettings = {
				ALWAYS_SEARCH_USER_PATHS = NO;
				CLANG_CXX_LANGUAGE_STANDARD = "gnu++0x";
				CLANG_CXX_LIBRARY = "libc++";
				CLANG_ENABLE_MODULES = YES;
				CLANG_ENABLE_OBJC_ARC = YES;
				CLANG_WARN_BOOL_CONVERSION = YES;
				CLANG_WARN_CONSTANT_CONVERSION = YES;
				CLANG_WARN_DIRECT_OBJC_ISA_USAGE = YES_ERROR;
				CLANG_WARN_EMPTY_BODY = YES;
				CLANG_WARN_ENUM_CONVERSION = YES;
				CLANG_WARN_INT_CONVERSION = YES;
				CLANG_WARN_OBJC_ROOT_CLASS = YES_ERROR;
				CLANG_WARN_UNREACHABLE_CODE = YES;
				CLANG_WARN__DUPLICATE_METHOD_MATCH = YES;
				"CODE_SIGN_IDENTITY[sdk=iphoneos*]" = "iPhone Developer";
				COPY_PHASE_STRIP = NO;
				DEBUG_INFORMATION_FORMAT = "dwarf-with-dsym";
				ENABLE_NS_ASSERTIONS = NO;
				ENABLE_STRICT_OBJC_MSGSEND = YES;
				GCC_C_LANGUAGE_STANDARD = gnu99;
				GCC_NO_COMMON_BLOCKS = YES;
				GCC_WARN_64_TO_32_BIT_CONVERSION = YES;
				GCC_WARN_ABOUT_RETURN_TYPE = YES_ERROR;
				GCC_WARN_UNDECLARED_SELECTOR = YES;
				GCC_WARN_UNINITIALIZED_AUTOS = YES_AGGRESSIVE;
				GCC_WARN_UNUSED_FUNCTION = YES;
				GCC_WARN_UNUSED_VARIABLE = YES;
				IPHONEOS_DEPLOYMENT_TARGET = 8.3;
				MTL_ENABLE_DEBUG_INFO = NO;
				SDKROOT = iphoneos;
				TARGETED_DEVICE_FAMILY = "1,2";
				VALIDATE_PRODUCT = YES;
			};
			name = Release;
		};
		30E401BB1B25AC0400A70AED /* Debug */ = {
			isa = XCBuildConfiguration;
			buildSettings = {
				ASSETCATALOG_COMPILER_APPICON_NAME = AppIcon;
				CODE_SIGN_IDENTITY = "iPhone Developer";
				GCC_PREFIX_HEADER = "$(SRCROOT)/iOSSnapChat/Other/PrefixHeader.pch";
				INFOPLIST_FILE = iOSSnapChat/Info.plist;
				IPHONEOS_DEPLOYMENT_TARGET = 8.0;
				LD_RUNPATH_SEARCH_PATHS = "$(inherited) @executable_path/Frameworks";
				PRODUCT_NAME = "$(TARGET_NAME)";
			};
			name = Debug;
		};
		30E401BC1B25AC0400A70AED /* Release */ = {
			isa = XCBuildConfiguration;
			buildSettings = {
				ASSETCATALOG_COMPILER_APPICON_NAME = AppIcon;
				CODE_SIGN_IDENTITY = "iPhone Developer";
				GCC_PREFIX_HEADER = "$(SRCROOT)/iOSSnapChat/Other/PrefixHeader.pch";
				INFOPLIST_FILE = iOSSnapChat/Info.plist;
				IPHONEOS_DEPLOYMENT_TARGET = 8.0;
				LD_RUNPATH_SEARCH_PATHS = "$(inherited) @executable_path/Frameworks";
				PRODUCT_NAME = "$(TARGET_NAME)";
			};
			name = Release;
		};
		30E401BE1B25AC0400A70AED /* Debug */ = {
			isa = XCBuildConfiguration;
			buildSettings = {
				BUNDLE_LOADER = "$(TEST_HOST)";
				FRAMEWORK_SEARCH_PATHS = (
					"$(SDKROOT)/Developer/Library/Frameworks",
					"$(inherited)",
				);
				GCC_PREPROCESSOR_DEFINITIONS = (
					"DEBUG=1",
					"$(inherited)",
				);
				INFOPLIST_FILE = iOSSnapChatTests/Info.plist;
				LD_RUNPATH_SEARCH_PATHS = "$(inherited) @executable_path/Frameworks @loader_path/Frameworks";
				PRODUCT_NAME = "$(TARGET_NAME)";
				TEST_HOST = "$(BUILT_PRODUCTS_DIR)/iOSSnapChat.app/iOSSnapChat";
			};
			name = Debug;
		};
		30E401BF1B25AC0400A70AED /* Release */ = {
			isa = XCBuildConfiguration;
			buildSettings = {
				BUNDLE_LOADER = "$(TEST_HOST)";
				FRAMEWORK_SEARCH_PATHS = (
					"$(SDKROOT)/Developer/Library/Frameworks",
					"$(inherited)",
				);
				INFOPLIST_FILE = iOSSnapChatTests/Info.plist;
				LD_RUNPATH_SEARCH_PATHS = "$(inherited) @executable_path/Frameworks @loader_path/Frameworks";
				PRODUCT_NAME = "$(TARGET_NAME)";
				TEST_HOST = "$(BUILT_PRODUCTS_DIR)/iOSSnapChat.app/iOSSnapChat";
			};
			name = Release;
		};
/* End XCBuildConfiguration section */

/* Begin XCConfigurationList section */
		30E401921B25AC0400A70AED /* Build configuration list for PBXProject "iOSSnapChat" */ = {
			isa = XCConfigurationList;
			buildConfigurations = (
				30E401B81B25AC0400A70AED /* Debug */,
				30E401B91B25AC0400A70AED /* Release */,
			);
			defaultConfigurationIsVisible = 0;
			defaultConfigurationName = Release;
		};
		30E401BA1B25AC0400A70AED /* Build configuration list for PBXNativeTarget "iOSSnapChat" */ = {
			isa = XCConfigurationList;
			buildConfigurations = (
				30E401BB1B25AC0400A70AED /* Debug */,
				30E401BC1B25AC0400A70AED /* Release */,
			);
			defaultConfigurationIsVisible = 0;
			defaultConfigurationName = Release;
		};
		30E401BD1B25AC0400A70AED /* Build configuration list for PBXNativeTarget "iOSSnapChatTests" */ = {
			isa = XCConfigurationList;
			buildConfigurations = (
				30E401BE1B25AC0400A70AED /* Debug */,
				30E401BF1B25AC0400A70AED /* Release */,
			);
			defaultConfigurationIsVisible = 0;
			defaultConfigurationName = Release;
		};
/* End XCConfigurationList section */
	};
	rootObject = 30E4018F1B25AC0400A70AED /* Project object */;
}
